
Microsoft Visual Studio Solution File, Format Version 12.00
# Visual Studio 15
VisualStudioVersion = 15.0.26730.16
MinimumVisualStudioVersion = 10.0.40219.1
Project("{2150E333-8FDC-42A3-9474-1A3956D46DE8}") = "StackLayoutSample", "StackLayoutSample", "{C845384A-A88D-4BAA-AAFC-B21CD0F4ECB1}"
EndProject
Project("{FAE04EC0-301F-11D3-BF4B-00C04F79EFBC}") = "StackLayoutSample.Android", "StackLayoutSample\StackLayoutSample.Android\StackLayoutSample.Android.csproj", "{F9FFE0AC-F2C1-4BBC-894B-8A9C5778053D}"
EndProject
Project("{FAE04EC0-301F-11D3-BF4B-00C04F79EFBC}") = "StackLayoutSample", "StackLayoutSample\StackLayoutSample\StackLayoutSample.csproj", "{6ED3C369-A2D5-48A0-AEEB-3DBE138B322E}"
EndProject
Project("{FAE04EC0-301F-11D3-BF4B-00C04F79EFBC}") = "StackLayoutSample.UWP", "StackLayoutSample\StackLayoutSample.UWP\StackLayoutSample.UWP.csproj", "{E41D9200-9682-46AF-8475-16A864FB4AD5}"
EndProject
Project("{FAE04EC0-301F-11D3-BF4B-00C04F79EFBC}") = "StackLayoutSample.iOS", "StackLayoutSample\StackLayoutSample.iOS\StackLayoutSample.iOS.csproj", "{C905B5B0-781C-4BE9-8D99-87B0654E1C6A}"
EndProject
Project("{2150E333-8FDC-42A3-9474-1A3956D46DE8}") = "GridLayoutSample", "GridLayoutSample", "{3FC805B6-1928-49AF-B2EA-E72EA8C96052}"
EndProject
Project("{FAE04EC0-301F-11D3-BF4B-00C04F79EFBC}") = "GridLayoutSample.Android", "GridLayoutSample\GridLayoutSample.Android\GridLayoutSample.Android.csproj", "{6B3BA25F-75B8-4E27-A7D0-1BBD752D184C}"
EndProject
Project("{FAE04EC0-301F-11D3-BF4B-00C04F79EFBC}") = "GridLayoutSample", "GridLayoutSample\GridLayoutSample\GridLayoutSample.csproj", "{1A74ADAB-4551-4088-8016-048A1AE98632}"
EndProject
Project("{FAE04EC0-301F-11D3-BF4B-00C04F79EFBC}") = "GridLayoutSample.UWP", "GridLayoutSample\GridLayoutSample.UWP\GridLayoutSample.UWP.csproj", "{6D97BC7F-A264-410B-B3A1-8D01E9DD975A}"
EndProject
Project("{FAE04EC0-301F-11D3-BF4B-00C04F79EFBC}") = "GridLayoutSample.iOS", "GridLayoutSample\GridLayoutSample.iOS\GridLayoutSample.iOS.csproj", "{BF5002C1-E672-4764-A032-35128C1B4DA6}"
EndProject
Global
	GlobalSection(SolutionConfigurationPlatforms) = preSolution
		Ad-Hoc|Any CPU = Ad-Hoc|Any CPU
		Ad-Hoc|ARM = Ad-Hoc|ARM
		Ad-Hoc|iPhone = Ad-Hoc|iPhone
		Ad-Hoc|iPhoneSimulator = Ad-Hoc|iPhoneSimulator
		Ad-Hoc|x64 = Ad-Hoc|x64
		Ad-Hoc|x86 = Ad-Hoc|x86
		AppStore|Any CPU = AppStore|Any CPU
		AppStore|ARM = AppStore|ARM
		AppStore|iPhone = AppStore|iPhone
		AppStore|iPhoneSimulator = AppStore|iPhoneSimulator
		AppStore|x64 = AppStore|x64
		AppStore|x86 = AppStore|x86
		Debug|Any CPU = Debug|Any CPU
		Debug|ARM = Debug|ARM
		Debug|iPhone = Debug|iPhone
		Debug|iPhoneSimulator = Debug|iPhoneSimulator
		Debug|x64 = Debug|x64
		Debug|x86 = Debug|x86
		Release|Any CPU = Release|Any CPU
		Release|ARM = Release|ARM
		Release|iPhone = Release|iPhone
		Release|iPhoneSimulator = Release|iPhoneSimulator
		Release|x64 = Release|x64
		Release|x86 = Release|x86
	EndGlobalSection
	GlobalSection(ProjectConfigurationPlatforms) = postSolution
		{F9FFE0AC-F2C1-4BBC-894B-8A9C5778053D}.Ad-Hoc|Any CPU.ActiveCfg = Release|Any CPU
		{F9FFE0AC-F2C1-4BBC-894B-8A9C5778053D}.Ad-Hoc|Any CPU.Build.0 = Release|Any CPU
		{F9FFE0AC-F2C1-4BBC-894B-8A9C5778053D}.Ad-Hoc|Any CPU.Deploy.0 = Release|Any CPU
		{F9FFE0AC-F2C1-4BBC-894B-8A9C5778053D}.Ad-Hoc|ARM.ActiveCfg = Release|Any CPU
		{F9FFE0AC-F2C1-4BBC-894B-8A9C5778053D}.Ad-Hoc|ARM.Build.0 = Release|Any CPU
		{F9FFE0AC-F2C1-4BBC-894B-8A9C5778053D}.Ad-Hoc|ARM.Deploy.0 = Release|Any CPU
		{F9FFE0AC-F2C1-4BBC-894B-8A9C5778053D}.Ad-Hoc|iPhone.ActiveCfg = Release|Any CPU
		{F9FFE0AC-F2C1-4BBC-894B-8A9C5778053D}.Ad-Hoc|iPhone.Build.0 = Release|Any CPU
		{F9FFE0AC-F2C1-4BBC-894B-8A9C5778053D}.Ad-Hoc|iPhone.Deploy.0 = Release|Any CPU
		{F9FFE0AC-F2C1-4BBC-894B-8A9C5778053D}.Ad-Hoc|iPhoneSimulator.ActiveCfg = Release|Any CPU
		{F9FFE0AC-F2C1-4BBC-894B-8A9C5778053D}.Ad-Hoc|iPhoneSimulator.Build.0 = Release|Any CPU
		{F9FFE0AC-F2C1-4BBC-894B-8A9C5778053D}.Ad-Hoc|iPhoneSimulator.Deploy.0 = Release|Any CPU
		{F9FFE0AC-F2C1-4BBC-894B-8A9C5778053D}.Ad-Hoc|x64.ActiveCfg = Release|Any CPU
		{F9FFE0AC-F2C1-4BBC-894B-8A9C5778053D}.Ad-Hoc|x64.Build.0 = Release|Any CPU
		{F9FFE0AC-F2C1-4BBC-894B-8A9C5778053D}.Ad-Hoc|x64.Deploy.0 = Release|Any CPU
		{F9FFE0AC-F2C1-4BBC-894B-8A9C5778053D}.Ad-Hoc|x86.ActiveCfg = Release|Any CPU
		{F9FFE0AC-F2C1-4BBC-894B-8A9C5778053D}.Ad-Hoc|x86.Build.0 = Release|Any CPU
		{F9FFE0AC-F2C1-4BBC-894B-8A9C5778053D}.Ad-Hoc|x86.Deploy.0 = Release|Any CPU
		{F9FFE0AC-F2C1-4BBC-894B-8A9C5778053D}.AppStore|Any CPU.ActiveCfg = Release|Any CPU
		{F9FFE0AC-F2C1-4BBC-894B-8A9C5778053D}.AppStore|Any CPU.Build.0 = Release|Any CPU
		{F9FFE0AC-F2C1-4BBC-894B-8A9C5778053D}.AppStore|Any CPU.Deploy.0 = Release|Any CPU
		{F9FFE0AC-F2C1-4BBC-894B-8A9C5778053D}.AppStore|ARM.ActiveCfg = Release|Any CPU
		{F9FFE0AC-F2C1-4BBC-894B-8A9C5778053D}.AppStore|ARM.Build.0 = Release|Any CPU
		{F9FFE0AC-F2C1-4BBC-894B-8A9C5778053D}.AppStore|ARM.Deploy.0 = Release|Any CPU
		{F9FFE0AC-F2C1-4BBC-894B-8A9C5778053D}.AppStore|iPhone.ActiveCfg = Release|Any CPU
		{F9FFE0AC-F2C1-4BBC-894B-8A9C5778053D}.AppStore|iPhone.Build.0 = Release|Any CPU
		{F9FFE0AC-F2C1-4BBC-894B-8A9C5778053D}.AppStore|iPhone.Deploy.0 = Release|Any CPU
		{F9FFE0AC-F2C1-4BBC-894B-8A9C5778053D}.AppStore|iPhoneSimulator.ActiveCfg = Release|Any CPU
		{F9FFE0AC-F2C1-4BBC-894B-8A9C5778053D}.AppStore|iPhoneSimulator.Build.0 = Release|Any CPU
		{F9FFE0AC-F2C1-4BBC-894B-8A9C5778053D}.AppStore|iPhoneSimulator.Deploy.0 = Release|Any CPU
		{F9FFE0AC-F2C1-4BBC-894B-8A9C5778053D}.AppStore|x64.ActiveCfg = Release|Any CPU
		{F9FFE0AC-F2C1-4BBC-894B-8A9C5778053D}.AppStore|x64.Build.0 = Release|Any CPU
		{F9FFE0AC-F2C1-4BBC-894B-8A9C5778053D}.AppStore|x64.Deploy.0 = Release|Any CPU
		{F9FFE0AC-F2C1-4BBC-894B-8A9C5778053D}.AppStore|x86.ActiveCfg = Release|Any CPU
		{F9FFE0AC-F2C1-4BBC-894B-8A9C5778053D}.AppStore|x86.Build.0 = Release|Any CPU
		{F9FFE0AC-F2C1-4BBC-894B-8A9C5778053D}.AppStore|x86.Deploy.0 = Release|Any CPU
		{F9FFE0AC-F2C1-4BBC-894B-8A9C5778053D}.Debug|Any CPU.ActiveCfg = Debug|Any CPU
		{F9FFE0AC-F2C1-4BBC-894B-8A9C5778053D}.Debug|Any CPU.Build.0 = Debug|Any CPU
		{F9FFE0AC-F2C1-4BBC-894B-8A9C5778053D}.Debug|Any CPU.Deploy.0 = Debug|Any CPU
		{F9FFE0AC-F2C1-4BBC-894B-8A9C5778053D}.Debug|ARM.ActiveCfg = Debug|Any CPU
		{F9FFE0AC-F2C1-4BBC-894B-8A9C5778053D}.Debug|ARM.Build.0 = Debug|Any CPU
		{F9FFE0AC-F2C1-4BBC-894B-8A9C5778053D}.Debug|ARM.Deploy.0 = Debug|Any CPU
		{F9FFE0AC-F2C1-4BBC-894B-8A9C5778053D}.Debug|iPhone.ActiveCfg = Debug|Any CPU
		{F9FFE0AC-F2C1-4BBC-894B-8A9C5778053D}.Debug|iPhone.Build.0 = Debug|Any CPU
		{F9FFE0AC-F2C1-4BBC-894B-8A9C5778053D}.Debug|iPhone.Deploy.0 = Debug|Any CPU
		{F9FFE0AC-F2C1-4BBC-894B-8A9C5778053D}.Debug|iPhoneSimulator.ActiveCfg = Debug|Any CPU
		{F9FFE0AC-F2C1-4BBC-894B-8A9C5778053D}.Debug|iPhoneSimulator.Build.0 = Debug|Any CPU
		{F9FFE0AC-F2C1-4BBC-894B-8A9C5778053D}.Debug|iPhoneSimulator.Deploy.0 = Debug|Any CPU
		{F9FFE0AC-F2C1-4BBC-894B-8A9C5778053D}.Debug|x64.ActiveCfg = Debug|Any CPU
		{F9FFE0AC-F2C1-4BBC-894B-8A9C5778053D}.Debug|x64.Build.0 = Debug|Any CPU
		{F9FFE0AC-F2C1-4BBC-894B-8A9C5778053D}.Debug|x64.Deploy.0 = Debug|Any CPU
		{F9FFE0AC-F2C1-4BBC-894B-8A9C5778053D}.Debug|x86.ActiveCfg = Debug|Any CPU
		{F9FFE0AC-F2C1-4BBC-894B-8A9C5778053D}.Debug|x86.Build.0 = Debug|Any CPU
		{F9FFE0AC-F2C1-4BBC-894B-8A9C5778053D}.Debug|x86.Deploy.0 = Debug|Any CPU
		{F9FFE0AC-F2C1-4BBC-894B-8A9C5778053D}.Release|Any CPU.ActiveCfg = Release|Any CPU
		{F9FFE0AC-F2C1-4BBC-894B-8A9C5778053D}.Release|Any CPU.Build.0 = Release|Any CPU
		{F9FFE0AC-F2C1-4BBC-894B-8A9C5778053D}.Release|Any CPU.Deploy.0 = Release|Any CPU
		{F9FFE0AC-F2C1-4BBC-894B-8A9C5778053D}.Release|ARM.ActiveCfg = Release|Any CPU
		{F9FFE0AC-F2C1-4BBC-894B-8A9C5778053D}.Release|ARM.Build.0 = Release|Any CPU
		{F9FFE0AC-F2C1-4BBC-894B-8A9C5778053D}.Release|ARM.Deploy.0 = Release|Any CPU
		{F9FFE0AC-F2C1-4BBC-894B-8A9C5778053D}.Release|iPhone.ActiveCfg = Release|Any CPU
		{F9FFE0AC-F2C1-4BBC-894B-8A9C5778053D}.Release|iPhone.Build.0 = Release|Any CPU
		{F9FFE0AC-F2C1-4BBC-894B-8A9C5778053D}.Release|iPhone.Deploy.0 = Release|Any CPU
		{F9FFE0AC-F2C1-4BBC-894B-8A9C5778053D}.Release|iPhoneSimulator.ActiveCfg = Release|Any CPU
		{F9FFE0AC-F2C1-4BBC-894B-8A9C5778053D}.Release|iPhoneSimulator.Build.0 = Release|Any CPU
		{F9FFE0AC-F2C1-4BBC-894B-8A9C5778053D}.Release|iPhoneSimulator.Deploy.0 = Release|Any CPU
		{F9FFE0AC-F2C1-4BBC-894B-8A9C5778053D}.Release|x64.ActiveCfg = Release|Any CPU
		{F9FFE0AC-F2C1-4BBC-894B-8A9C5778053D}.Release|x64.Build.0 = Release|Any CPU
		{F9FFE0AC-F2C1-4BBC-894B-8A9C5778053D}.Release|x64.Deploy.0 = Release|Any CPU
		{F9FFE0AC-F2C1-4BBC-894B-8A9C5778053D}.Release|x86.ActiveCfg = Release|Any CPU
		{F9FFE0AC-F2C1-4BBC-894B-8A9C5778053D}.Release|x86.Build.0 = Release|Any CPU
		{F9FFE0AC-F2C1-4BBC-894B-8A9C5778053D}.Release|x86.Deploy.0 = Release|Any CPU
		{6ED3C369-A2D5-48A0-AEEB-3DBE138B322E}.Ad-Hoc|Any CPU.ActiveCfg = Release|Any CPU
		{6ED3C369-A2D5-48A0-AEEB-3DBE138B322E}.Ad-Hoc|Any CPU.Build.0 = Release|Any CPU
		{6ED3C369-A2D5-48A0-AEEB-3DBE138B322E}.Ad-Hoc|ARM.ActiveCfg = Release|Any CPU
		{6ED3C369-A2D5-48A0-AEEB-3DBE138B322E}.Ad-Hoc|ARM.Build.0 = Release|Any CPU
		{6ED3C369-A2D5-48A0-AEEB-3DBE138B322E}.Ad-Hoc|iPhone.ActiveCfg = Release|Any CPU
		{6ED3C369-A2D5-48A0-AEEB-3DBE138B322E}.Ad-Hoc|iPhone.Build.0 = Release|Any CPU
		{6ED3C369-A2D5-48A0-AEEB-3DBE138B322E}.Ad-Hoc|iPhoneSimulator.ActiveCfg = Release|Any CPU
		{6ED3C369-A2D5-48A0-AEEB-3DBE138B322E}.Ad-Hoc|iPhoneSimulator.Build.0 = Release|Any CPU
		{6ED3C369-A2D5-48A0-AEEB-3DBE138B322E}.Ad-Hoc|x64.ActiveCfg = Release|Any CPU
		{6ED3C369-A2D5-48A0-AEEB-3DBE138B322E}.Ad-Hoc|x64.Build.0 = Release|Any CPU
		{6ED3C369-A2D5-48A0-AEEB-3DBE138B322E}.Ad-Hoc|x86.ActiveCfg = Release|Any CPU
		{6ED3C369-A2D5-48A0-AEEB-3DBE138B322E}.Ad-Hoc|x86.Build.0 = Release|Any CPU
		{6ED3C369-A2D5-48A0-AEEB-3DBE138B322E}.AppStore|Any CPU.ActiveCfg = Release|Any CPU
		{6ED3C369-A2D5-48A0-AEEB-3DBE138B322E}.AppStore|Any CPU.Build.0 = Release|Any CPU
		{6ED3C369-A2D5-48A0-AEEB-3DBE138B322E}.AppStore|ARM.ActiveCfg = Release|Any CPU
		{6ED3C369-A2D5-48A0-AEEB-3DBE138B322E}.AppStore|ARM.Build.0 = Release|Any CPU
		{6ED3C369-A2D5-48A0-AEEB-3DBE138B322E}.AppStore|iPhone.ActiveCfg = Release|Any CPU
		{6ED3C369-A2D5-48A0-AEEB-3DBE138B322E}.AppStore|iPhone.Build.0 = Release|Any CPU
		{6ED3C369-A2D5-48A0-AEEB-3DBE138B322E}.AppStore|iPhoneSimulator.ActiveCfg = Release|Any CPU
		{6ED3C369-A2D5-48A0-AEEB-3DBE138B322E}.AppStore|iPhoneSimulator.Build.0 = Release|Any CPU
		{6ED3C369-A2D5-48A0-AEEB-3DBE138B322E}.AppStore|x64.ActiveCfg = Release|Any CPU
		{6ED3C369-A2D5-48A0-AEEB-3DBE138B322E}.AppStore|x64.Build.0 = Release|Any CPU
		{6ED3C369-A2D5-48A0-AEEB-3DBE138B322E}.AppStore|x86.ActiveCfg = Release|Any CPU
		{6ED3C369-A2D5-48A0-AEEB-3DBE138B322E}.AppStore|x86.Build.0 = Release|Any CPU
		{6ED3C369-A2D5-48A0-AEEB-3DBE138B322E}.Debug|Any CPU.ActiveCfg = Debug|Any CPU
		{6ED3C369-A2D5-48A0-AEEB-3DBE138B322E}.Debug|Any CPU.Build.0 = Debug|Any CPU
		{6ED3C369-A2D5-48A0-AEEB-3DBE138B322E}.Debug|ARM.ActiveCfg = Debug|Any CPU
		{6ED3C369-A2D5-48A0-AEEB-3DBE138B322E}.Debug|ARM.Build.0 = Debug|Any CPU
		{6ED3C369-A2D5-48A0-AEEB-3DBE138B322E}.Debug|iPhone.ActiveCfg = Debug|Any CPU
		{6ED3C369-A2D5-48A0-AEEB-3DBE138B322E}.Debug|iPhone.Build.0 = Debug|Any CPU
		{6ED3C369-A2D5-48A0-AEEB-3DBE138B322E}.Debug|iPhoneSimulator.ActiveCfg = Debug|Any CPU
		{6ED3C369-A2D5-48A0-AEEB-3DBE138B322E}.Debug|iPhoneSimulator.Build.0 = Debug|Any CPU
		{6ED3C369-A2D5-48A0-AEEB-3DBE138B322E}.Debug|x64.ActiveCfg = Debug|Any CPU
		{6ED3C369-A2D5-48A0-AEEB-3DBE138B322E}.Debug|x64.Build.0 = Debug|Any CPU
		{6ED3C369-A2D5-48A0-AEEB-3DBE138B322E}.Debug|x86.ActiveCfg = Debug|Any CPU
		{6ED3C369-A2D5-48A0-AEEB-3DBE138B322E}.Debug|x86.Build.0 = Debug|Any CPU
		{6ED3C369-A2D5-48A0-AEEB-3DBE138B322E}.Release|Any CPU.ActiveCfg = Release|Any CPU
		{6ED3C369-A2D5-48A0-AEEB-3DBE138B322E}.Release|Any CPU.Build.0 = Release|Any CPU
		{6ED3C369-A2D5-48A0-AEEB-3DBE138B322E}.Release|ARM.ActiveCfg = Release|Any CPU
		{6ED3C369-A2D5-48A0-AEEB-3DBE138B322E}.Release|ARM.Build.0 = Release|Any CPU
		{6ED3C369-A2D5-48A0-AEEB-3DBE138B322E}.Release|iPhone.ActiveCfg = Release|Any CPU
		{6ED3C369-A2D5-48A0-AEEB-3DBE138B322E}.Release|iPhone.Build.0 = Release|Any CPU
		{6ED3C369-A2D5-48A0-AEEB-3DBE138B322E}.Release|iPhoneSimulator.ActiveCfg = Release|Any CPU
		{6ED3C369-A2D5-48A0-AEEB-3DBE138B322E}.Release|iPhoneSimulator.Build.0 = Release|Any CPU
		{6ED3C369-A2D5-48A0-AEEB-3DBE138B322E}.Release|x64.ActiveCfg = Release|Any CPU
		{6ED3C369-A2D5-48A0-AEEB-3DBE138B322E}.Release|x64.Build.0 = Release|Any CPU
		{6ED3C369-A2D5-48A0-AEEB-3DBE138B322E}.Release|x86.ActiveCfg = Release|Any CPU
		{6ED3C369-A2D5-48A0-AEEB-3DBE138B322E}.Release|x86.Build.0 = Release|Any CPU
		{E41D9200-9682-46AF-8475-16A864FB4AD5}.Ad-Hoc|Any CPU.ActiveCfg = Release|x86
		{E41D9200-9682-46AF-8475-16A864FB4AD5}.Ad-Hoc|Any CPU.Build.0 = Release|x86
		{E41D9200-9682-46AF-8475-16A864FB4AD5}.Ad-Hoc|Any CPU.Deploy.0 = Release|x86
		{E41D9200-9682-46AF-8475-16A864FB4AD5}.Ad-Hoc|ARM.ActiveCfg = Release|ARM
		{E41D9200-9682-46AF-8475-16A864FB4AD5}.Ad-Hoc|ARM.Build.0 = Release|ARM
		{E41D9200-9682-46AF-8475-16A864FB4AD5}.Ad-Hoc|ARM.Deploy.0 = Release|ARM
		{E41D9200-9682-46AF-8475-16A864FB4AD5}.Ad-Hoc|iPhone.ActiveCfg = Release|x86
		{E41D9200-9682-46AF-8475-16A864FB4AD5}.Ad-Hoc|iPhone.Build.0 = Release|x86
		{E41D9200-9682-46AF-8475-16A864FB4AD5}.Ad-Hoc|iPhone.Deploy.0 = Release|x86
		{E41D9200-9682-46AF-8475-16A864FB4AD5}.Ad-Hoc|iPhoneSimulator.ActiveCfg = Release|x86
		{E41D9200-9682-46AF-8475-16A864FB4AD5}.Ad-Hoc|iPhoneSimulator.Build.0 = Release|x86
		{E41D9200-9682-46AF-8475-16A864FB4AD5}.Ad-Hoc|iPhoneSimulator.Deploy.0 = Release|x86
		{E41D9200-9682-46AF-8475-16A864FB4AD5}.Ad-Hoc|x64.ActiveCfg = Release|x64
		{E41D9200-9682-46AF-8475-16A864FB4AD5}.Ad-Hoc|x64.Build.0 = Release|x64
		{E41D9200-9682-46AF-8475-16A864FB4AD5}.Ad-Hoc|x64.Deploy.0 = Release|x64
		{E41D9200-9682-46AF-8475-16A864FB4AD5}.Ad-Hoc|x86.ActiveCfg = Release|x86
		{E41D9200-9682-46AF-8475-16A864FB4AD5}.Ad-Hoc|x86.Build.0 = Release|x86
		{E41D9200-9682-46AF-8475-16A864FB4AD5}.Ad-Hoc|x86.Deploy.0 = Release|x86
		{E41D9200-9682-46AF-8475-16A864FB4AD5}.AppStore|Any CPU.ActiveCfg = Release|x86
		{E41D9200-9682-46AF-8475-16A864FB4AD5}.AppStore|Any CPU.Build.0 = Release|x86
		{E41D9200-9682-46AF-8475-16A864FB4AD5}.AppStore|Any CPU.Deploy.0 = Release|x86
		{E41D9200-9682-46AF-8475-16A864FB4AD5}.AppStore|ARM.ActiveCfg = Release|ARM
		{E41D9200-9682-46AF-8475-16A864FB4AD5}.AppStore|ARM.Build.0 = Release|ARM
		{E41D9200-9682-46AF-8475-16A864FB4AD5}.AppStore|ARM.Deploy.0 = Release|ARM
		{E41D9200-9682-46AF-8475-16A864FB4AD5}.AppStore|iPhone.ActiveCfg = Release|x86
		{E41D9200-9682-46AF-8475-16A864FB4AD5}.AppStore|iPhone.Build.0 = Release|x86
		{E41D9200-9682-46AF-8475-16A864FB4AD5}.AppStore|iPhone.Deploy.0 = Release|x86
		{E41D9200-9682-46AF-8475-16A864FB4AD5}.AppStore|iPhoneSimulator.ActiveCfg = Release|x86
		{E41D9200-9682-46AF-8475-16A864FB4AD5}.AppStore|iPhoneSimulator.Build.0 = Release|x86
		{E41D9200-9682-46AF-8475-16A864FB4AD5}.AppStore|iPhoneSimulator.Deploy.0 = Release|x86
		{E41D9200-9682-46AF-8475-16A864FB4AD5}.AppStore|x64.ActiveCfg = Release|x64
		{E41D9200-9682-46AF-8475-16A864FB4AD5}.AppStore|x64.Build.0 = Release|x64
		{E41D9200-9682-46AF-8475-16A864FB4AD5}.AppStore|x64.Deploy.0 = Release|x64
		{E41D9200-9682-46AF-8475-16A864FB4AD5}.AppStore|x86.ActiveCfg = Release|x86
		{E41D9200-9682-46AF-8475-16A864FB4AD5}.AppStore|x86.Build.0 = Release|x86
		{E41D9200-9682-46AF-8475-16A864FB4AD5}.AppStore|x86.Deploy.0 = Release|x86
		{E41D9200-9682-46AF-8475-16A864FB4AD5}.Debug|Any CPU.ActiveCfg = Debug|x86
		{E41D9200-9682-46AF-8475-16A864FB4AD5}.Debug|ARM.ActiveCfg = Debug|ARM
		{E41D9200-9682-46AF-8475-16A864FB4AD5}.Debug|ARM.Build.0 = Debug|ARM
		{E41D9200-9682-46AF-8475-16A864FB4AD5}.Debug|ARM.Deploy.0 = Debug|ARM
		{E41D9200-9682-46AF-8475-16A864FB4AD5}.Debug|iPhone.ActiveCfg = Debug|x86
		{E41D9200-9682-46AF-8475-16A864FB4AD5}.Debug|iPhoneSimulator.ActiveCfg = Debug|x86
		{E41D9200-9682-46AF-8475-16A864FB4AD5}.Debug|x64.ActiveCfg = Debug|x64
		{E41D9200-9682-46AF-8475-16A864FB4AD5}.Debug|x64.Build.0 = Debug|x64
		{E41D9200-9682-46AF-8475-16A864FB4AD5}.Debug|x64.Deploy.0 = Debug|x64
		{E41D9200-9682-46AF-8475-16A864FB4AD5}.Debug|x86.ActiveCfg = Debug|x86
		{E41D9200-9682-46AF-8475-16A864FB4AD5}.Debug|x86.Build.0 = Debug|x86
		{E41D9200-9682-46AF-8475-16A864FB4AD5}.Debug|x86.Deploy.0 = Debug|x86
		{E41D9200-9682-46AF-8475-16A864FB4AD5}.Release|Any CPU.ActiveCfg = Release|x86
		{E41D9200-9682-46AF-8475-16A864FB4AD5}.Release|ARM.ActiveCfg = Release|ARM
		{E41D9200-9682-46AF-8475-16A864FB4AD5}.Release|ARM.Build.0 = Release|ARM
		{E41D9200-9682-46AF-8475-16A864FB4AD5}.Release|ARM.Deploy.0 = Release|ARM
		{E41D9200-9682-46AF-8475-16A864FB4AD5}.Release|iPhone.ActiveCfg = Release|x86
		{E41D9200-9682-46AF-8475-16A864FB4AD5}.Release|iPhoneSimulator.ActiveCfg = Release|x86
		{E41D9200-9682-46AF-8475-16A864FB4AD5}.Release|x64.ActiveCfg = Release|x64
		{E41D9200-9682-46AF-8475-16A864FB4AD5}.Release|x64.Build.0 = Release|x64
		{E41D9200-9682-46AF-8475-16A864FB4AD5}.Release|x64.Deploy.0 = Release|x64
		{E41D9200-9682-46AF-8475-16A864FB4AD5}.Release|x86.ActiveCfg = Release|x86
		{E41D9200-9682-46AF-8475-16A864FB4AD5}.Release|x86.Build.0 = Release|x86
		{E41D9200-9682-46AF-8475-16A864FB4AD5}.Release|x86.Deploy.0 = Release|x86
		{C905B5B0-781C-4BE9-8D99-87B0654E1C6A}.Ad-Hoc|Any CPU.ActiveCfg = Ad-Hoc|iPhone
		{C905B5B0-781C-4BE9-8D99-87B0654E1C6A}.Ad-Hoc|ARM.ActiveCfg = Ad-Hoc|iPhone
		{C905B5B0-781C-4BE9-8D99-87B0654E1C6A}.Ad-Hoc|iPhone.ActiveCfg = Ad-Hoc|iPhone
		{C905B5B0-781C-4BE9-8D99-87B0654E1C6A}.Ad-Hoc|iPhone.Build.0 = Ad-Hoc|iPhone
		{C905B5B0-781C-4BE9-8D99-87B0654E1C6A}.Ad-Hoc|iPhoneSimulator.ActiveCfg = Ad-Hoc|iPhoneSimulator
		{C905B5B0-781C-4BE9-8D99-87B0654E1C6A}.Ad-Hoc|iPhoneSimulator.Build.0 = Ad-Hoc|iPhoneSimulator
		{C905B5B0-781C-4BE9-8D99-87B0654E1C6A}.Ad-Hoc|x64.ActiveCfg = Ad-Hoc|iPhone
		{C905B5B0-781C-4BE9-8D99-87B0654E1C6A}.Ad-Hoc|x86.ActiveCfg = Ad-Hoc|iPhone
		{C905B5B0-781C-4BE9-8D99-87B0654E1C6A}.AppStore|Any CPU.ActiveCfg = AppStore|iPhone
		{C905B5B0-781C-4BE9-8D99-87B0654E1C6A}.AppStore|ARM.ActiveCfg = AppStore|iPhone
		{C905B5B0-781C-4BE9-8D99-87B0654E1C6A}.AppStore|iPhone.ActiveCfg = AppStore|iPhone
		{C905B5B0-781C-4BE9-8D99-87B0654E1C6A}.AppStore|iPhone.Build.0 = AppStore|iPhone
		{C905B5B0-781C-4BE9-8D99-87B0654E1C6A}.AppStore|iPhoneSimulator.ActiveCfg = AppStore|iPhoneSimulator
		{C905B5B0-781C-4BE9-8D99-87B0654E1C6A}.AppStore|iPhoneSimulator.Build.0 = AppStore|iPhoneSimulator
		{C905B5B0-781C-4BE9-8D99-87B0654E1C6A}.AppStore|x64.ActiveCfg = AppStore|iPhone
		{C905B5B0-781C-4BE9-8D99-87B0654E1C6A}.AppStore|x86.ActiveCfg = AppStore|iPhone
		{C905B5B0-781C-4BE9-8D99-87B0654E1C6A}.Debug|Any CPU.ActiveCfg = Debug|iPhone
		{C905B5B0-781C-4BE9-8D99-87B0654E1C6A}.Debug|ARM.ActiveCfg = Debug|iPhone
		{C905B5B0-781C-4BE9-8D99-87B0654E1C6A}.Debug|iPhone.ActiveCfg = Debug|iPhone
		{C905B5B0-781C-4BE9-8D99-87B0654E1C6A}.Debug|iPhone.Build.0 = Debug|iPhone
		{C905B5B0-781C-4BE9-8D99-87B0654E1C6A}.Debug|iPhoneSimulator.ActiveCfg = Debug|iPhoneSimulator
		{C905B5B0-781C-4BE9-8D99-87B0654E1C6A}.Debug|iPhoneSimulator.Build.0 = Debug|iPhoneSimulator
		{C905B5B0-781C-4BE9-8D99-87B0654E1C6A}.Debug|x64.ActiveCfg = Debug|iPhone
		{C905B5B0-781C-4BE9-8D99-87B0654E1C6A}.Debug|x86.ActiveCfg = Debug|iPhone
		{C905B5B0-781C-4BE9-8D99-87B0654E1C6A}.Release|Any CPU.ActiveCfg = Release|iPhone
		{C905B5B0-781C-4BE9-8D99-87B0654E1C6A}.Release|ARM.ActiveCfg = Release|iPhone
		{C905B5B0-781C-4BE9-8D99-87B0654E1C6A}.Release|iPhone.ActiveCfg = Release|iPhone
		{C905B5B0-781C-4BE9-8D99-87B0654E1C6A}.Release|iPhone.Build.0 = Release|iPhone
		{C905B5B0-781C-4BE9-8D99-87B0654E1C6A}.Release|iPhoneSimulator.ActiveCfg = Release|iPhoneSimulator
		{C905B5B0-781C-4BE9-8D99-87B0654E1C6A}.Release|iPhoneSimulator.Build.0 = Release|iPhoneSimulator
		{C905B5B0-781C-4BE9-8D99-87B0654E1C6A}.Release|x64.ActiveCfg = Release|iPhone
		{C905B5B0-781C-4BE9-8D99-87B0654E1C6A}.Release|x86.ActiveCfg = Release|iPhone
		{6B3BA25F-75B8-4E27-A7D0-1BBD752D184C}.Ad-Hoc|Any CPU.ActiveCfg = Release|Any CPU
		{6B3BA25F-75B8-4E27-A7D0-1BBD752D184C}.Ad-Hoc|Any CPU.Build.0 = Release|Any CPU
		{6B3BA25F-75B8-4E27-A7D0-1BBD752D184C}.Ad-Hoc|Any CPU.Deploy.0 = Release|Any CPU
		{6B3BA25F-75B8-4E27-A7D0-1BBD752D184C}.Ad-Hoc|ARM.ActiveCfg = Release|Any CPU
		{6B3BA25F-75B8-4E27-A7D0-1BBD752D184C}.Ad-Hoc|ARM.Build.0 = Release|Any CPU
		{6B3BA25F-75B8-4E27-A7D0-1BBD752D184C}.Ad-Hoc|ARM.Deploy.0 = Release|Any CPU
		{6B3BA25F-75B8-4E27-A7D0-1BBD752D184C}.Ad-Hoc|iPhone.ActiveCfg = Release|Any CPU
		{6B3BA25F-75B8-4E27-A7D0-1BBD752D184C}.Ad-Hoc|iPhone.Build.0 = Release|Any CPU
		{6B3BA25F-75B8-4E27-A7D0-1BBD752D184C}.Ad-Hoc|iPhone.Deploy.0 = Release|Any CPU
		{6B3BA25F-75B8-4E27-A7D0-1BBD752D184C}.Ad-Hoc|iPhoneSimulator.ActiveCfg = Release|Any CPU
		{6B3BA25F-75B8-4E27-A7D0-1BBD752D184C}.Ad-Hoc|iPhoneSimulator.Build.0 = Release|Any CPU
		{6B3BA25F-75B8-4E27-A7D0-1BBD752D184C}.Ad-Hoc|iPhoneSimulator.Deploy.0 = Release|Any CPU
		{6B3BA25F-75B8-4E27-A7D0-1BBD752D184C}.Ad-Hoc|x64.ActiveCfg = Release|Any CPU
		{6B3BA25F-75B8-4E27-A7D0-1BBD752D184C}.Ad-Hoc|x64.Build.0 = Release|Any CPU
		{6B3BA25F-75B8-4E27-A7D0-1BBD752D184C}.Ad-Hoc|x64.Deploy.0 = Release|Any CPU
		{6B3BA25F-75B8-4E27-A7D0-1BBD752D184C}.Ad-Hoc|x86.ActiveCfg = Release|Any CPU
		{6B3BA25F-75B8-4E27-A7D0-1BBD752D184C}.Ad-Hoc|x86.Build.0 = Release|Any CPU
		{6B3BA25F-75B8-4E27-A7D0-1BBD752D184C}.Ad-Hoc|x86.Deploy.0 = Release|Any CPU
		{6B3BA25F-75B8-4E27-A7D0-1BBD752D184C}.AppStore|Any CPU.ActiveCfg = Release|Any CPU
		{6B3BA25F-75B8-4E27-A7D0-1BBD752D184C}.AppStore|Any CPU.Build.0 = Release|Any CPU
		{6B3BA25F-75B8-4E27-A7D0-1BBD752D184C}.AppStore|Any CPU.Deploy.0 = Release|Any CPU
		{6B3BA25F-75B8-4E27-A7D0-1BBD752D184C}.AppStore|ARM.ActiveCfg = Release|Any CPU
		{6B3BA25F-75B8-4E27-A7D0-1BBD752D184C}.AppStore|ARM.Build.0 = Release|Any CPU
		{6B3BA25F-75B8-4E27-A7D0-1BBD752D184C}.AppStore|ARM.Deploy.0 = Release|Any CPU
		{6B3BA25F-75B8-4E27-A7D0-1BBD752D184C}.AppStore|iPhone.ActiveCfg = Release|Any CPU
		{6B3BA25F-75B8-4E27-A7D0-1BBD752D184C}.AppStore|iPhone.Build.0 = Release|Any CPU
		{6B3BA25F-75B8-4E27-A7D0-1BBD752D184C}.AppStore|iPhone.Deploy.0 = Release|Any CPU
		{6B3BA25F-75B8-4E27-A7D0-1BBD752D184C}.AppStore|iPhoneSimulator.ActiveCfg = Release|Any CPU
		{6B3BA25F-75B8-4E27-A7D0-1BBD752D184C}.AppStore|iPhoneSimulator.Build.0 = Release|Any CPU
		{6B3BA25F-75B8-4E27-A7D0-1BBD752D184C}.AppStore|iPhoneSimulator.Deploy.0 = Release|Any CPU
		{6B3BA25F-75B8-4E27-A7D0-1BBD752D184C}.AppStore|x64.ActiveCfg = Release|Any CPU
		{6B3BA25F-75B8-4E27-A7D0-1BBD752D184C}.AppStore|x64.Build.0 = Release|Any CPU
		{6B3BA25F-75B8-4E27-A7D0-1BBD752D184C}.AppStore|x64.Deploy.0 = Release|Any CPU
		{6B3BA25F-75B8-4E27-A7D0-1BBD752D184C}.AppStore|x86.ActiveCfg = Release|Any CPU
		{6B3BA25F-75B8-4E27-A7D0-1BBD752D184C}.AppStore|x86.Build.0 = Release|Any CPU
		{6B3BA25F-75B8-4E27-A7D0-1BBD752D184C}.AppStore|x86.Deploy.0 = Release|Any CPU
		{6B3BA25F-75B8-4E27-A7D0-1BBD752D184C}.Debug|Any CPU.ActiveCfg = Debug|Any CPU
		{6B3BA25F-75B8-4E27-A7D0-1BBD752D184C}.Debug|Any CPU.Build.0 = Debug|Any CPU
		{6B3BA25F-75B8-4E27-A7D0-1BBD752D184C}.Debug|Any CPU.Deploy.0 = Debug|Any CPU
		{6B3BA25F-75B8-4E27-A7D0-1BBD752D184C}.Debug|ARM.ActiveCfg = Debug|Any CPU
		{6B3BA25F-75B8-4E27-A7D0-1BBD752D184C}.Debug|ARM.Build.0 = Debug|Any CPU
		{6B3BA25F-75B8-4E27-A7D0-1BBD752D184C}.Debug|ARM.Deploy.0 = Debug|Any CPU
		{6B3BA25F-75B8-4E27-A7D0-1BBD752D184C}.Debug|iPhone.ActiveCfg = Debug|Any CPU
		{6B3BA25F-75B8-4E27-A7D0-1BBD752D184C}.Debug|iPhone.Build.0 = Debug|Any CPU
		{6B3BA25F-75B8-4E27-A7D0-1BBD752D184C}.Debug|iPhone.Deploy.0 = Debug|Any CPU
		{6B3BA25F-75B8-4E27-A7D0-1BBD752D184C}.Debug|iPhoneSimulator.ActiveCfg = Debug|Any CPU
		{6B3BA25F-75B8-4E27-A7D0-1BBD752D184C}.Debug|iPhoneSimulator.Build.0 = Debug|Any CPU
		{6B3BA25F-75B8-4E27-A7D0-1BBD752D184C}.Debug|iPhoneSimulator.Deploy.0 = Debug|Any CPU
		{6B3BA25F-75B8-4E27-A7D0-1BBD752D184C}.Debug|x64.ActiveCfg = Debug|Any CPU
		{6B3BA25F-75B8-4E27-A7D0-1BBD752D184C}.Debug|x64.Build.0 = Debug|Any CPU
		{6B3BA25F-75B8-4E27-A7D0-1BBD752D184C}.Debug|x64.Deploy.0 = Debug|Any CPU
		{6B3BA25F-75B8-4E27-A7D0-1BBD752D184C}.Debug|x86.ActiveCfg = Debug|Any CPU
		{6B3BA25F-75B8-4E27-A7D0-1BBD752D184C}.Debug|x86.Build.0 = Debug|Any CPU
		{6B3BA25F-75B8-4E27-A7D0-1BBD752D184C}.Debug|x86.Deploy.0 = Debug|Any CPU
		{6B3BA25F-75B8-4E27-A7D0-1BBD752D184C}.Release|Any CPU.ActiveCfg = Release|Any CPU
		{6B3BA25F-75B8-4E27-A7D0-1BBD752D184C}.Release|Any CPU.Build.0 = Release|Any CPU
		{6B3BA25F-75B8-4E27-A7D0-1BBD752D184C}.Release|Any CPU.Deploy.0 = Release|Any CPU
		{6B3BA25F-75B8-4E27-A7D0-1BBD752D184C}.Release|ARM.ActiveCfg = Release|Any CPU
		{6B3BA25F-75B8-4E27-A7D0-1BBD752D184C}.Release|ARM.Build.0 = Release|Any CPU
		{6B3BA25F-75B8-4E27-A7D0-1BBD752D184C}.Release|ARM.Deploy.0 = Release|Any CPU
		{6B3BA25F-75B8-4E27-A7D0-1BBD752D184C}.Release|iPhone.ActiveCfg = Release|Any CPU
		{6B3BA25F-75B8-4E27-A7D0-1BBD752D184C}.Release|iPhone.Build.0 = Release|Any CPU
		{6B3BA25F-75B8-4E27-A7D0-1BBD752D184C}.Release|iPhone.Deploy.0 = Release|Any CPU
		{6B3BA25F-75B8-4E27-A7D0-1BBD752D184C}.Release|iPhoneSimulator.ActiveCfg = Release|Any CPU
		{6B3BA25F-75B8-4E27-A7D0-1BBD752D184C}.Release|iPhoneSimulator.Build.0 = Release|Any CPU
		{6B3BA25F-75B8-4E27-A7D0-1BBD752D184C}.Release|iPhoneSimulator.Deploy.0 = Release|Any CPU
		{6B3BA25F-75B8-4E27-A7D0-1BBD752D184C}.Release|x64.ActiveCfg = Release|Any CPU
		{6B3BA25F-75B8-4E27-A7D0-1BBD752D184C}.Release|x64.Build.0 = Release|Any CPU
		{6B3BA25F-75B8-4E27-A7D0-1BBD752D184C}.Release|x64.Deploy.0 = Release|Any CPU
		{6B3BA25F-75B8-4E27-A7D0-1BBD752D184C}.Release|x86.ActiveCfg = Release|Any CPU
		{6B3BA25F-75B8-4E27-A7D0-1BBD752D184C}.Release|x86.Build.0 = Release|Any CPU
		{6B3BA25F-75B8-4E27-A7D0-1BBD752D184C}.Release|x86.Deploy.0 = Release|Any CPU
		{1A74ADAB-4551-4088-8016-048A1AE98632}.Ad-Hoc|Any CPU.ActiveCfg = Release|Any CPU
		{1A74ADAB-4551-4088-8016-048A1AE98632}.Ad-Hoc|Any CPU.Build.0 = Release|Any CPU
		{1A74ADAB-4551-4088-8016-048A1AE98632}.Ad-Hoc|ARM.ActiveCfg = Release|Any CPU
		{1A74ADAB-4551-4088-8016-048A1AE98632}.Ad-Hoc|ARM.Build.0 = Release|Any CPU
		{1A74ADAB-4551-4088-8016-048A1AE98632}.Ad-Hoc|iPhone.ActiveCfg = Release|Any CPU
		{1A74ADAB-4551-4088-8016-048A1AE98632}.Ad-Hoc|iPhone.Build.0 = Release|Any CPU
		{1A74ADAB-4551-4088-8016-048A1AE98632}.Ad-Hoc|iPhoneSimulator.ActiveCfg = Release|Any CPU
		{1A74ADAB-4551-4088-8016-048A1AE98632}.Ad-Hoc|iPhoneSimulator.Build.0 = Release|Any CPU
		{1A74ADAB-4551-4088-8016-048A1AE98632}.Ad-Hoc|x64.ActiveCfg = Release|Any CPU
		{1A74ADAB-4551-4088-8016-048A1AE98632}.Ad-Hoc|x64.Build.0 = Release|Any CPU
		{1A74ADAB-4551-4088-8016-048A1AE98632}.Ad-Hoc|x86.ActiveCfg = Release|Any CPU
		{1A74ADAB-4551-4088-8016-048A1AE98632}.Ad-Hoc|x86.Build.0 = Release|Any CPU
		{1A74ADAB-4551-4088-8016-048A1AE98632}.AppStore|Any CPU.ActiveCfg = Release|Any CPU
		{1A74ADAB-4551-4088-8016-048A1AE98632}.AppStore|Any CPU.Build.0 = Release|Any CPU
		{1A74ADAB-4551-4088-8016-048A1AE98632}.AppStore|ARM.ActiveCfg = Release|Any CPU
		{1A74ADAB-4551-4088-8016-048A1AE98632}.AppStore|ARM.Build.0 = Release|Any CPU
		{1A74ADAB-4551-4088-8016-048A1AE98632}.AppStore|iPhone.ActiveCfg = Release|Any CPU
		{1A74ADAB-4551-4088-8016-048A1AE98632}.AppStore|iPhone.Build.0 = Release|Any CPU
		{1A74ADAB-4551-4088-8016-048A1AE98632}.AppStore|iPhoneSimulator.ActiveCfg = Release|Any CPU
		{1A74ADAB-4551-4088-8016-048A1AE98632}.AppStore|iPhoneSimulator.Build.0 = Release|Any CPU
		{1A74ADAB-4551-4088-8016-048A1AE98632}.AppStore|x64.ActiveCfg = Release|Any CPU
		{1A74ADAB-4551-4088-8016-048A1AE98632}.AppStore|x64.Build.0 = Release|Any CPU
		{1A74ADAB-4551-4088-8016-048A1AE98632}.AppStore|x86.ActiveCfg = Release|Any CPU
		{1A74ADAB-4551-4088-8016-048A1AE98632}.AppStore|x86.Build.0 = Release|Any CPU
		{1A74ADAB-4551-4088-8016-048A1AE98632}.Debug|Any CPU.ActiveCfg = Debug|Any CPU
		{1A74ADAB-4551-4088-8016-048A1AE98632}.Debug|Any CPU.Build.0 = Debug|Any CPU
		{1A74ADAB-4551-4088-8016-048A1AE98632}.Debug|ARM.ActiveCfg = Debug|Any CPU
		{1A74ADAB-4551-4088-8016-048A1AE98632}.Debug|ARM.Build.0 = Debug|Any CPU
		{1A74ADAB-4551-4088-8016-048A1AE98632}.Debug|iPhone.ActiveCfg = Debug|Any CPU
		{1A74ADAB-4551-4088-8016-048A1AE98632}.Debug|iPhone.Build.0 = Debug|Any CPU
		{1A74ADAB-4551-4088-8016-048A1AE98632}.Debug|iPhoneSimulator.ActiveCfg = Debug|Any CPU
		{1A74ADAB-4551-4088-8016-048A1AE98632}.Debug|iPhoneSimulator.Build.0 = Debug|Any CPU
		{1A74ADAB-4551-4088-8016-048A1AE98632}.Debug|x64.ActiveCfg = Debug|Any CPU
		{1A74ADAB-4551-4088-8016-048A1AE98632}.Debug|x64.Build.0 = Debug|Any CPU
		{1A74ADAB-4551-4088-8016-048A1AE98632}.Debug|x86.ActiveCfg = Debug|Any CPU
		{1A74ADAB-4551-4088-8016-048A1AE98632}.Debug|x86.Build.0 = Debug|Any CPU
		{1A74ADAB-4551-4088-8016-048A1AE98632}.Release|Any CPU.ActiveCfg = Release|Any CPU
		{1A74ADAB-4551-4088-8016-048A1AE98632}.Release|Any CPU.Build.0 = Release|Any CPU
		{1A74ADAB-4551-4088-8016-048A1AE98632}.Release|ARM.ActiveCfg = Release|Any CPU
		{1A74ADAB-4551-4088-8016-048A1AE98632}.Release|ARM.Build.0 = Release|Any CPU
		{1A74ADAB-4551-4088-8016-048A1AE98632}.Release|iPhone.ActiveCfg = Release|Any CPU
		{1A74ADAB-4551-4088-8016-048A1AE98632}.Release|iPhone.Build.0 = Release|Any CPU
		{1A74ADAB-4551-4088-8016-048A1AE98632}.Release|iPhoneSimulator.ActiveCfg = Release|Any CPU
		{1A74ADAB-4551-4088-8016-048A1AE98632}.Release|iPhoneSimulator.Build.0 = Release|Any CPU
		{1A74ADAB-4551-4088-8016-048A1AE98632}.Release|x64.ActiveCfg = Release|Any CPU
		{1A74ADAB-4551-4088-8016-048A1AE98632}.Release|x64.Build.0 = Release|Any CPU
		{1A74ADAB-4551-4088-8016-048A1AE98632}.Release|x86.ActiveCfg = Release|Any CPU
		{1A74ADAB-4551-4088-8016-048A1AE98632}.Release|x86.Build.0 = Release|Any CPU
		{6D97BC7F-A264-410B-B3A1-8D01E9DD975A}.Ad-Hoc|Any CPU.ActiveCfg = Release|x86
		{6D97BC7F-A264-410B-B3A1-8D01E9DD975A}.Ad-Hoc|Any CPU.Build.0 = Release|x86
		{6D97BC7F-A264-410B-B3A1-8D01E9DD975A}.Ad-Hoc|Any CPU.Deploy.0 = Release|x86
		{6D97BC7F-A264-410B-B3A1-8D01E9DD975A}.Ad-Hoc|ARM.ActiveCfg = Release|ARM
		{6D97BC7F-A264-410B-B3A1-8D01E9DD975A}.Ad-Hoc|ARM.Build.0 = Release|ARM
		{6D97BC7F-A264-410B-B3A1-8D01E9DD975A}.Ad-Hoc|ARM.Deploy.0 = Release|ARM
		{6D97BC7F-A264-410B-B3A1-8D01E9DD975A}.Ad-Hoc|iPhone.ActiveCfg = Release|x86
		{6D97BC7F-A264-410B-B3A1-8D01E9DD975A}.Ad-Hoc|iPhone.Build.0 = Release|x86
		{6D97BC7F-A264-410B-B3A1-8D01E9DD975A}.Ad-Hoc|iPhone.Deploy.0 = Release|x86
		{6D97BC7F-A264-410B-B3A1-8D01E9DD975A}.Ad-Hoc|iPhoneSimulator.ActiveCfg = Release|x86
		{6D97BC7F-A264-410B-B3A1-8D01E9DD975A}.Ad-Hoc|iPhoneSimulator.Build.0 = Release|x86
		{6D97BC7F-A264-410B-B3A1-8D01E9DD975A}.Ad-Hoc|iPhoneSimulator.Deploy.0 = Release|x86
		{6D97BC7F-A264-410B-B3A1-8D01E9DD975A}.Ad-Hoc|x64.ActiveCfg = Release|x64
		{6D97BC7F-A264-410B-B3A1-8D01E9DD975A}.Ad-Hoc|x64.Build.0 = Release|x64
		{6D97BC7F-A264-410B-B3A1-8D01E9DD975A}.Ad-Hoc|x64.Deploy.0 = Release|x64
		{6D97BC7F-A264-410B-B3A1-8D01E9DD975A}.Ad-Hoc|x86.ActiveCfg = Release|x86
		{6D97BC7F-A264-410B-B3A1-8D01E9DD975A}.Ad-Hoc|x86.Build.0 = Release|x86
		{6D97BC7F-A264-410B-B3A1-8D01E9DD975A}.Ad-Hoc|x86.Deploy.0 = Release|x86
		{6D97BC7F-A264-410B-B3A1-8D01E9DD975A}.AppStore|Any CPU.ActiveCfg = Release|x86
		{6D97BC7F-A264-410B-B3A1-8D01E9DD975A}.AppStore|Any CPU.Build.0 = Release|x86
		{6D97BC7F-A264-410B-B3A1-8D01E9DD975A}.AppStore|Any CPU.Deploy.0 = Release|x86
		{6D97BC7F-A264-410B-B3A1-8D01E9DD975A}.AppStore|ARM.ActiveCfg = Release|ARM
		{6D97BC7F-A264-410B-B3A1-8D01E9DD975A}.AppStore|ARM.Build.0 = Release|ARM
		{6D97BC7F-A264-410B-B3A1-8D01E9DD975A}.AppStore|ARM.Deploy.0 = Release|ARM
		{6D97BC7F-A264-410B-B3A1-8D01E9DD975A}.AppStore|iPhone.ActiveCfg = Release|x86
		{6D97BC7F-A264-410B-B3A1-8D01E9DD975A}.AppStore|iPhone.Build.0 = Release|x86
		{6D97BC7F-A264-410B-B3A1-8D01E9DD975A}.AppStore|iPhone.Deploy.0 = Release|x86
		{6D97BC7F-A264-410B-B3A1-8D01E9DD975A}.AppStore|iPhoneSimulator.ActiveCfg = Release|x86
		{6D97BC7F-A264-410B-B3A1-8D01E9DD975A}.AppStore|iPhoneSimulator.Build.0 = Release|x86
		{6D97BC7F-A264-410B-B3A1-8D01E9DD975A}.AppStore|iPhoneSimulator.Deploy.0 = Release|x86
		{6D97BC7F-A264-410B-B3A1-8D01E9DD975A}.AppStore|x64.ActiveCfg = Release|x64
		{6D97BC7F-A264-410B-B3A1-8D01E9DD975A}.AppStore|x64.Build.0 = Release|x64
		{6D97BC7F-A264-410B-B3A1-8D01E9DD975A}.AppStore|x64.Deploy.0 = Release|x64
		{6D97BC7F-A264-410B-B3A1-8D01E9DD975A}.AppStore|x86.ActiveCfg = Release|x86
		{6D97BC7F-A264-410B-B3A1-8D01E9DD975A}.AppStore|x86.Build.0 = Release|x86
		{6D97BC7F-A264-410B-B3A1-8D01E9DD975A}.AppStore|x86.Deploy.0 = Release|x86
		{6D97BC7F-A264-410B-B3A1-8D01E9DD975A}.Debug|Any CPU.ActiveCfg = Debug|x86
		{6D97BC7F-A264-410B-B3A1-8D01E9DD975A}.Debug|ARM.ActiveCfg = Debug|ARM
		{6D97BC7F-A264-410B-B3A1-8D01E9DD975A}.Debug|ARM.Build.0 = Debug|ARM
		{6D97BC7F-A264-410B-B3A1-8D01E9DD975A}.Debug|ARM.Deploy.0 = Debug|ARM
		{6D97BC7F-A264-410B-B3A1-8D01E9DD975A}.Debug|iPhone.ActiveCfg = Debug|x86
		{6D97BC7F-A264-410B-B3A1-8D01E9DD975A}.Debug|iPhoneSimulator.ActiveCfg = Debug|x86
		{6D97BC7F-A264-410B-B3A1-8D01E9DD975A}.Debug|x64.ActiveCfg = Debug|x64
		{6D97BC7F-A264-410B-B3A1-8D01E9DD975A}.Debug|x64.Build.0 = Debug|x64
		{6D97BC7F-A264-410B-B3A1-8D01E9DD975A}.Debug|x64.Deploy.0 = Debug|x64
		{6D97BC7F-A264-410B-B3A1-8D01E9DD975A}.Debug|x86.ActiveCfg = Debug|x86
		{6D97BC7F-A264-410B-B3A1-8D01E9DD975A}.Debug|x86.Build.0 = Debug|x86
		{6D97BC7F-A264-410B-B3A1-8D01E9DD975A}.Debug|x86.Deploy.0 = Debug|x86
		{6D97BC7F-A264-410B-B3A1-8D01E9DD975A}.Release|Any CPU.ActiveCfg = Release|x86
		{6D97BC7F-A264-410B-B3A1-8D01E9DD975A}.Release|ARM.ActiveCfg = Release|ARM
		{6D97BC7F-A264-410B-B3A1-8D01E9DD975A}.Release|ARM.Build.0 = Release|ARM
		{6D97BC7F-A264-410B-B3A1-8D01E9DD975A}.Release|ARM.Deploy.0 = Release|ARM
		{6D97BC7F-A264-410B-B3A1-8D01E9DD975A}.Release|iPhone.ActiveCfg = Release|x86
		{6D97BC7F-A264-410B-B3A1-8D01E9DD975A}.Release|iPhoneSimulator.ActiveCfg = Release|x86
		{6D97BC7F-A264-410B-B3A1-8D01E9DD975A}.Release|x64.ActiveCfg = Release|x64
		{6D97BC7F-A264-410B-B3A1-8D01E9DD975A}.Release|x64.Build.0 = Release|x64
		{6D97BC7F-A264-410B-B3A1-8D01E9DD975A}.Release|x64.Deploy.0 = Release|x64
		{6D97BC7F-A264-410B-B3A1-8D01E9DD975A}.Release|x86.ActiveCfg = Release|x86
		{6D97BC7F-A264-410B-B3A1-8D01E9DD975A}.Release|x86.Build.0 = Release|x86
		{6D97BC7F-A264-410B-B3A1-8D01E9DD975A}.Release|x86.Deploy.0 = Release|x86
		{BF5002C1-E672-4764-A032-35128C1B4DA6}.Ad-Hoc|Any CPU.ActiveCfg = Ad-Hoc|iPhone
		{BF5002C1-E672-4764-A032-35128C1B4DA6}.Ad-Hoc|ARM.ActiveCfg = Ad-Hoc|iPhone
		{BF5002C1-E672-4764-A032-35128C1B4DA6}.Ad-Hoc|iPhone.ActiveCfg = Ad-Hoc|iPhone
		{BF5002C1-E672-4764-A032-35128C1B4DA6}.Ad-Hoc|iPhone.Build.0 = Ad-Hoc|iPhone
		{BF5002C1-E672-4764-A032-35128C1B4DA6}.Ad-Hoc|iPhoneSimulator.ActiveCfg = Ad-Hoc|iPhoneSimulator
		{BF5002C1-E672-4764-A032-35128C1B4DA6}.Ad-Hoc|iPhoneSimulator.Build.0 = Ad-Hoc|iPhoneSimulator
		{BF5002C1-E672-4764-A032-35128C1B4DA6}.Ad-Hoc|x64.ActiveCfg = Ad-Hoc|iPhone
		{BF5002C1-E672-4764-A032-35128C1B4DA6}.Ad-Hoc|x86.ActiveCfg = Ad-Hoc|iPhone
		{BF5002C1-E672-4764-A032-35128C1B4DA6}.AppStore|Any CPU.ActiveCfg = AppStore|iPhone
		{BF5002C1-E672-4764-A032-35128C1B4DA6}.AppStore|ARM.ActiveCfg = AppStore|iPhone
		{BF5002C1-E672-4764-A032-35128C1B4DA6}.AppStore|iPhone.ActiveCfg = AppStore|iPhone
		{BF5002C1-E672-4764-A032-35128C1B4DA6}.AppStore|iPhone.Build.0 = AppStore|iPhone
		{BF5002C1-E672-4764-A032-35128C1B4DA6}.AppStore|iPhoneSimulator.ActiveCfg = AppStore|iPhoneSimulator
		{BF5002C1-E672-4764-A032-35128C1B4DA6}.AppStore|iPhoneSimulator.Build.0 = AppStore|iPhoneSimulator
		{BF5002C1-E672-4764-A032-35128C1B4DA6}.AppStore|x64.ActiveCfg = AppStore|iPhone
		{BF5002C1-E672-4764-A032-35128C1B4DA6}.AppStore|x86.ActiveCfg = AppStore|iPhone
		{BF5002C1-E672-4764-A032-35128C1B4DA6}.Debug|Any CPU.ActiveCfg = Debug|iPhone
		{BF5002C1-E672-4764-A032-35128C1B4DA6}.Debug|ARM.ActiveCfg = Debug|iPhone
		{BF5002C1-E672-4764-A032-35128C1B4DA6}.Debug|iPhone.ActiveCfg = Debug|iPhone
		{BF5002C1-E672-4764-A032-35128C1B4DA6}.Debug|iPhone.Build.0 = Debug|iPhone
		{BF5002C1-E672-4764-A032-35128C1B4DA6}.Debug|iPhoneSimulator.ActiveCfg = Debug|iPhoneSimulator
		{BF5002C1-E672-4764-A032-35128C1B4DA6}.Debug|iPhoneSimulator.Build.0 = Debug|iPhoneSimulator
		{BF5002C1-E672-4764-A032-35128C1B4DA6}.Debug|x64.ActiveCfg = Debug|iPhone
		{BF5002C1-E672-4764-A032-35128C1B4DA6}.Debug|x86.ActiveCfg = Debug|iPhone
		{BF5002C1-E672-4764-A032-35128C1B4DA6}.Release|Any CPU.ActiveCfg = Release|iPhone
		{BF5002C1-E672-4764-A032-35128C1B4DA6}.Release|ARM.ActiveCfg = Release|iPhone
		{BF5002C1-E672-4764-A032-35128C1B4DA6}.Release|iPhone.ActiveCfg = Release|iPhone
		{BF5002C1-E672-4764-A032-35128C1B4DA6}.Release|iPhone.Build.0 = Release|iPhone
		{BF5002C1-E672-4764-A032-35128C1B4DA6}.Release|iPhoneSimulator.ActiveCfg = Release|iPhoneSimulator
		{BF5002C1-E672-4764-A032-35128C1B4DA6}.Release|iPhoneSimulator.Build.0 = Release|iPhoneSimulator
		{BF5002C1-E672-4764-A032-35128C1B4DA6}.Release|x64.ActiveCfg = Release|iPhone
		{BF5002C1-E672-4764-A032-35128C1B4DA6}.Release|x86.ActiveCfg = Release|iPhone
	EndGlobalSection
	GlobalSection(SolutionProperties) = preSolution
		HideSolutionNode = FALSE
	EndGlobalSection
	GlobalSection(NestedProjects) = preSolution
		{F9FFE0AC-F2C1-4BBC-894B-8A9C5778053D} = {C845384A-A88D-4BAA-AAFC-B21CD0F4ECB1}
		{6ED3C369-A2D5-48A0-AEEB-3DBE138B322E} = {C845384A-A88D-4BAA-AAFC-B21CD0F4ECB1}
		{E41D9200-9682-46AF-8475-16A864FB4AD5} = {C845384A-A88D-4BAA-AAFC-B21CD0F4ECB1}
		{C905B5B0-781C-4BE9-8D99-87B0654E1C6A} = {C845384A-A88D-4BAA-AAFC-B21CD0F4ECB1}
		{6B3BA25F-75B8-4E27-A7D0-1BBD752D184C} = {3FC805B6-1928-49AF-B2EA-E72EA8C96052}
		{1A74ADAB-4551-4088-8016-048A1AE98632} = {3FC805B6-1928-49AF-B2EA-E72EA8C96052}
		{6D97BC7F-A264-410B-B3A1-8D01E9DD975A} = {3FC805B6-1928-49AF-B2EA-E72EA8C96052}
		{BF5002C1-E672-4764-A032-35128C1B4DA6} = {3FC805B6-1928-49AF-B2EA-E72EA8C96052}
	EndGlobalSection
	GlobalSection(ExtensibilityGlobals) = postSolution
		SolutionGuid = {187AC42B-6AF3-44D6-A2B5-5C5CE04EB0B9}
	EndGlobalSection
EndGlobal
